// !$*UTF8*$!
{
	archiveVersion = 1;
	classes = {
	};
	objectVersion = 48;
	objects = {

/* Begin PBXBuildFile section */
		343956CE1FA809DB00F3492B /* AppDelegate.swift in Sources */ = {isa = PBXBuildFile; fileRef = 343956CD1FA809DB00F3492B /* AppDelegate.swift */; };
		343956D01FA809DB00F3492B /* ViewController.swift in Sources */ = {isa = PBXBuildFile; fileRef = 343956CF1FA809DB00F3492B /* ViewController.swift */; };
		343956D31FA809DB00F3492B /* Main.storyboard in Resources */ = {isa = PBXBuildFile; fileRef = 343956D11FA809DB00F3492B /* Main.storyboard */; };
		343956D51FA809DB00F3492B /* Assets.xcassets in Resources */ = {isa = PBXBuildFile; fileRef = 343956D41FA809DB00F3492B /* Assets.xcassets */; };
		343956D81FA809DB00F3492B /* LaunchScreen.storyboard in Resources */ = {isa = PBXBuildFile; fileRef = 343956D61FA809DB00F3492B /* LaunchScreen.storyboard */; };
		343956E31FA809DB00F3492B /* BookFinder01Tests.swift in Sources */ = {isa = PBXBuildFile; fileRef = 343956E21FA809DB00F3492B /* BookFinder01Tests.swift */; };
		343956EE1FA809DB00F3492B /* BookFinder01UITests.swift in Sources */ = {isa = PBXBuildFile; fileRef = 343956ED1FA809DB00F3492B /* BookFinder01UITests.swift */; };
		343956FC1FA80AAD00F3492B /* BookListTableViewController.swift in Sources */ = {isa = PBXBuildFile; fileRef = 343956FB1FA80AAD00F3492B /* BookListTableViewController.swift */; };
/* End PBXBuildFile section */

/* Begin PBXContainerItemProxy section */
		343956DF1FA809DB00F3492B /* PBXContainerItemProxy */ = {
			isa = PBXContainerItemProxy;
			containerPortal = 343956C21FA809DA00F3492B /* Project object */;
			proxyType = 1;
			remoteGlobalIDString = 343956C91FA809DA00F3492B;
			remoteInfo = BookFinder01;
		};
		343956EA1FA809DB00F3492B /* PBXContainerItemProxy */ = {
			isa = PBXContainerItemProxy;
			containerPortal = 343956C21FA809DA00F3492B /* Project object */;
			proxyType = 1;
			remoteGlobalIDString = 343956C91FA809DA00F3492B;
			remoteInfo = BookFinder01;
		};
/* End PBXContainerItemProxy section */

/* Begin PBXFileReference section */
		343956CA1FA809DA00F3492B /* BookFinder01.app */ = {isa = PBXFileReference; explicitFileType = wrapper.application; includeInIndex = 0; path = BookFinder01.app; sourceTree = BUILT_PRODUCTS_DIR; };
		343956CD1FA809DB00F3492B /* AppDelegate.swift */ = {isa = PBXFileReference; lastKnownFileType = sourcecode.swift; path = AppDelegate.swift; sourceTree = "<group>"; };
		343956CF1FA809DB00F3492B /* ViewController.swift */ = {isa = PBXFileReference; lastKnownFileType = sourcecode.swift; path = ViewController.swift; sourceTree = "<group>"; };
		343956D21FA809DB00F3492B /* Base */ = {isa = PBXFileReference; lastKnownFileType = file.storyboard; name = Base; path = Base.lproj/Main.storyboard; sourceTree = "<group>"; };
		343956D41FA809DB00F3492B /* Assets.xcassets */ = {isa = PBXFileReference; lastKnownFileType = folder.assetcatalog; path = Assets.xcassets; sourceTree = "<group>"; };
		343956D71FA809DB00F3492B /* Base */ = {isa = PBXFileReference; lastKnownFileType = file.storyboard; name = Base; path = Base.lproj/LaunchScreen.storyboard; sourceTree = "<group>"; };
		343956D91FA809DB00F3492B /* Info.plist */ = {isa = PBXFileReference; lastKnownFileType = text.plist.xml; path = Info.plist; sourceTree = "<group>"; };
		343956DE1FA809DB00F3492B /* BookFinder01Tests.xctest */ = {isa = PBXFileReference; explicitFileType = wrapper.cfbundle; includeInIndex = 0; path = BookFinder01Tests.xctest; sourceTree = BUILT_PRODUCTS_DIR; };
		343956E21FA809DB00F3492B /* BookFinder01Tests.swift */ = {isa = PBXFileReference; lastKnownFileType = sourcecode.swift; path = BookFinder01Tests.swift; sourceTree = "<group>"; };
		343956E41FA809DB00F3492B /* Info.plist */ = {isa = PBXFileReference; lastKnownFileType = text.plist.xml; path = Info.plist; sourceTree = "<group>"; };
		343956E91FA809DB00F3492B /* BookFinder01UITests.xctest */ = {isa = PBXFileReference; explicitFileType = wrapper.cfbundle; includeInIndex = 0; path = BookFinder01UITests.xctest; sourceTree = BUILT_PRODUCTS_DIR; };
		343956ED1FA809DB00F3492B /* BookFinder01UITests.swift */ = {isa = PBXFileReference; lastKnownFileType = sourcecode.swift; path = BookFinder01UITests.swift; sourceTree = "<group>"; };
		343956EF1FA809DB00F3492B /* Info.plist */ = {isa = PBXFileReference; lastKnownFileType = text.plist.xml; path = Info.plist; sourceTree = "<group>"; };
		343956FB1FA80AAD00F3492B /* BookListTableViewController.swift */ = {isa = PBXFileReference; lastKnownFileType = sourcecode.swift; path = BookListTableViewController.swift; sourceTree = "<group>"; };
/* End PBXFileReference section */

/* Begin PBXFrameworksBuildPhase section */
		343956C71FA809DA00F3492B /* Frameworks */ = {
			isa = PBXFrameworksBuildPhase;
			buildActionMask = 2147483647;
			files = (
			);
			runOnlyForDeploymentPostprocessing = 0;
		};
		343956DB1FA809DB00F3492B /* Frameworks */ = {
			isa = PBXFrameworksBuildPhase;
			buildActionMask = 2147483647;
			files = (
			);
			runOnlyForDeploymentPostprocessing = 0;
		};
		343956E61FA809DB00F3492B /* Frameworks */ = {
			isa = PBXFrameworksBuildPhase;
			buildActionMask = 2147483647;
			files = (
			);
			runOnlyForDeploymentPostprocessing = 0;
		};
/* End PBXFrameworksBuildPhase section */

/* Begin PBXGroup section */
		343956C11FA809D900F3492B = {
			isa = PBXGroup;
			children = (
				343956CC1FA809DA00F3492B /* BookFinder01 */,
				343956E11FA809DB00F3492B /* BookFinder01Tests */,
				343956EC1FA809DB00F3492B /* BookFinder01UITests */,
				343956CB1FA809DA00F3492B /* Products */,
			);
			sourceTree = "<group>";
		};
		343956CB1FA809DA00F3492B /* Products */ = {
			isa = PBXGroup;
			children = (
				343956CA1FA809DA00F3492B /* BookFinder01.app */,
				343956DE1FA809DB00F3492B /* BookFinder01Tests.xctest */,
				343956E91FA809DB00F3492B /* BookFinder01UITests.xctest */,
			);
			name = Products;
			sourceTree = "<group>";
		};
		343956CC1FA809DA00F3492B /* BookFinder01 */ = {
			isa = PBXGroup;
			children = (
				343956CD1FA809DB00F3492B /* AppDelegate.swift */,
				343956CF1FA809DB00F3492B /* ViewController.swift */,
				343956D11FA809DB00F3492B /* Main.storyboard */,
				343956FB1FA80AAD00F3492B /* BookListTableViewController.swift */,
				343956D41FA809DB00F3492B /* Assets.xcassets */,
				343956D61FA809DB00F3492B /* LaunchScreen.storyboard */,
				343956D91FA809DB00F3492B /* Info.plist */,
			);
			path = BookFinder01;
			sourceTree = "<group>";
		};
		343956E11FA809DB00F3492B /* BookFinder01Tests */ = {
			isa = PBXGroup;
			children = (
				343956E21FA809DB00F3492B /* BookFinder01Tests.swift */,
				343956E41FA809DB00F3492B /* Info.plist */,
			);
			path = BookFinder01Tests;
			sourceTree = "<group>";
		};
		343956EC1FA809DB00F3492B /* BookFinder01UITests */ = {
			isa = PBXGroup;
			children = (
				343956ED1FA809DB00F3492B /* BookFinder01UITests.swift */,
				343956EF1FA809DB00F3492B /* Info.plist */,
			);
			path = BookFinder01UITests;
			sourceTree = "<group>";
		};
/* End PBXGroup section */

/* Begin PBXNativeTarget section */
		343956C91FA809DA00F3492B /* BookFinder01 */ = {
			isa = PBXNativeTarget;
			buildConfigurationList = 343956F21FA809DB00F3492B /* Build configuration list for PBXNativeTarget "BookFinder01" */;
			buildPhases = (
				343956C61FA809DA00F3492B /* Sources */,
				343956C71FA809DA00F3492B /* Frameworks */,
				343956C81FA809DA00F3492B /* Resources */,
			);
			buildRules = (
			);
			dependencies = (
			);
			name = BookFinder01;
			productName = BookFinder01;
			productReference = 343956CA1FA809DA00F3492B /* BookFinder01.app */;
			productType = "com.apple.product-type.application";
		};
		343956DD1FA809DB00F3492B /* BookFinder01Tests */ = {
			isa = PBXNativeTarget;
			buildConfigurationList = 343956F51FA809DB00F3492B /* Build configuration list for PBXNativeTarget "BookFinder01Tests" */;
			buildPhases = (
				343956DA1FA809DB00F3492B /* Sources */,
				343956DB1FA809DB00F3492B /* Frameworks */,
				343956DC1FA809DB00F3492B /* Resources */,
			);
			buildRules = (
			);
			dependencies = (
				343956E01FA809DB00F3492B /* PBXTargetDependency */,
			);
			name = BookFinder01Tests;
			productName = BookFinder01Tests;
			productReference = 343956DE1FA809DB00F3492B /* BookFinder01Tests.xctest */;
			productType = "com.apple.product-type.bundle.unit-test";
		};
		343956E81FA809DB00F3492B /* BookFinder01UITests */ = {
			isa = PBXNativeTarget;
			buildConfigurationList = 343956F81FA809DB00F3492B /* Build configuration list for PBXNativeTarget "BookFinder01UITests" */;
			buildPhases = (
				343956E51FA809DB00F3492B /* Sources */,
				343956E61FA809DB00F3492B /* Frameworks */,
				343956E71FA809DB00F3492B /* Resources */,
			);
			buildRules = (
			);
			dependencies = (
				343956EB1FA809DB00F3492B /* PBXTargetDependency */,
			);
			name = BookFinder01UITests;
			productName = BookFinder01UITests;
			productReference = 343956E91FA809DB00F3492B /* BookFinder01UITests.xctest */;
			productType = "com.apple.product-type.bundle.ui-testing";
		};
/* End PBXNativeTarget section */

/* Begin PBXProject section */
		343956C21FA809DA00F3492B /* Project object */ = {
			isa = PBXProject;
			attributes = {
				LastSwiftUpdateCheck = 0900;
				LastUpgradeCheck = 0900;
				ORGANIZATIONNAME = D7703_17;
				TargetAttributes = {
					343956C91FA809DA00F3492B = {
						CreatedOnToolsVersion = 9.0.1;
						ProvisioningStyle = Automatic;
					};
					343956DD1FA809DB00F3492B = {
						CreatedOnToolsVersion = 9.0.1;
						ProvisioningStyle = Automatic;
						TestTargetID = 343956C91FA809DA00F3492B;
					};
					343956E81FA809DB00F3492B = {
						CreatedOnToolsVersion = 9.0.1;
						ProvisioningStyle = Automatic;
						TestTargetID = 343956C91FA809DA00F3492B;
					};
				};
			};
			buildConfigurationList = 343956C51FA809DA00F3492B /* Build configuration list for PBXProject "BookFinder01" */;
			compatibilityVersion = "Xcode 8.0";
			developmentRegion = en;
			hasScannedForEncodings = 0;
			knownRegions = (
				en,
				Base,
			);
			mainGroup = 343956C11FA809D900F3492B;
			productRefGroup = 343956CB1FA809DA00F3492B /* Products */;
			projectDirPath = "";
			projectRoot = "";
			targets = (
				343956C91FA809DA00F3492B /* BookFinder01 */,
				343956DD1FA809DB00F3492B /* BookFinder01Tests */,
				343956E81FA809DB00F3492B /* BookFinder01UITests */,
			);
		};
/* End PBXProject section */

/* Begin PBXResourcesBuildPhase section */
		343956C81FA809DA00F3492B /* Resources */ = {
			isa = PBXResourcesBuildPhase;
			buildActionMask = 2147483647;
			files = (
				343956D81FA809DB00F3492B /* LaunchScreen.storyboard in Resources */,
				343956D51FA809DB00F3492B /* Assets.xcassets in Resources */,
				343956D31FA809DB00F3492B /* Main.storyboard in Resources */,
			);
			runOnlyForDeploymentPostprocessing = 0;
		};
		343956DC1FA809DB00F3492B /* Resources */ = {
			isa = PBXResourcesBuildPhase;
			buildActionMask = 2147483647;
			files = (
			);
			runOnlyForDeploymentPostprocessing = 0;
		};
		343956E71FA809DB00F3492B /* Resources */ = {
			isa = PBXResourcesBuildPhase;
			buildActionMask = 2147483647;
			files = (
			);
			runOnlyForDeploymentPostprocessing = 0;
		};
/* End PBXResourcesBuildPhase section */

/* Begin PBXSourcesBuildPhase section */
		343956C61FA809DA00F3492B /* Sources */ = {
			isa = PBXSourcesBuildPhase;
			buildActionMask = 2147483647;
			files = (
				343956D01FA809DB00F3492B /* ViewController.swift in Sources */,
				343956CE1FA809DB00F3492B /* AppDelegate.swift in Sources */,
				343956FC1FA80AAD00F3492B /* BookListTableViewController.swift in Sources */,
			);
			runOnlyForDeploymentPostprocessing = 0;
		};
		343956DA1FA809DB00F3492B /* Sources */ = {
			isa = PBXSourcesBuildPhase;
			buildActionMask = 2147483647;
			files = (
				343956E31FA809DB00F3492B /* BookFinder01Tests.swift in Sources */,
			);
			runOnlyForDeploymentPostprocessing = 0;
		};
		343956E51FA809DB00F3492B /* Sources */ = {
			isa = PBXSourcesBuildPhase;
			buildActionMask = 2147483647;
			files = (
				343956EE1FA809DB00F3492B /* BookFinder01UITests.swift in Sources */,
			);
			runOnlyForDeploymentPostprocessing = 0;
		};
/* End PBXSourcesBuildPhase section */

/* Begin PBXTargetDependency section */
		343956E01FA809DB00F3492B /* PBXTargetDependency */ = {
			isa = PBXTargetDependency;
			target = 343956C91FA809DA00F3492B /* BookFinder01 */;
			targetProxy = 343956DF1FA809DB00F3492B /* PBXContainerItemProxy */;
		};
		343956EB1FA809DB00F3492B /* PBXTargetDependency */ = {
			isa = PBXTargetDependency;
			target = 343956C91FA809DA00F3492B /* BookFinder01 */;
			targetProxy = 343956EA1FA809DB00F3492B /* PBXContainerItemProxy */;
		};
/* End PBXTargetDependency section */

/* Begin PBXVariantGroup section */
		343956D11FA809DB00F3492B /* Main.storyboard */ = {
			isa = PBXVariantGroup;
			children = (
				343956D21FA809DB00F3492B /* Base */,
			);
			name = Main.storyboard;
			sourceTree = "<group>";
		};
		343956D61FA809DB00F3492B /* LaunchScreen.storyboard */ = {
			isa = PBXVariantGroup;
			children = (
				343956D71FA809DB00F3492B /* Base */,
			);
			name = LaunchScreen.storyboard;
			sourceTree = "<group>";
		};
/* End PBXVariantGroup section */

/* Begin XCBuildConfiguration section */
		343956F01FA809DB00F3492B /* Debug */ = {
			isa = XCBuildConfiguration;
			buildSettings = {
				ALWAYS_SEARCH_USER_PATHS = NO;
				CLANG_ANALYZER_NONNULL = YES;
				CLANG_ANALYZER_NUMBER_OBJECT_CONVERSION = YES_AGGRESSIVE;
				CLANG_CXX_LANGUAGE_STANDARD = "gnu++14";
				CLANG_CXX_LIBRARY = "libc++";
				CLANG_ENABLE_MODULES = YES;
				CLANG_ENABLE_OBJC_ARC = YES;
				CLANG_WARN_BLOCK_CAPTURE_AUTORELEASING = YES;
				CLANG_WARN_BOOL_CONVERSION = YES;
				CLANG_WARN_COMMA = YES;
				CLANG_WARN_CONSTANT_CONVERSION = YES;
				CLANG_WARN_DIRECT_OBJC_ISA_USAGE = YES_ERROR;
				CLANG_WARN_DOCUMENTATION_COMMENTS = YES;
				CLANG_WARN_EMPTY_BODY = YES;
				CLANG_WARN_ENUM_CONVERSION = YES;
				CLANG_WARN_INFINITE_RECURSION = YES;
				CLANG_WARN_INT_CONVERSION = YES;
				CLANG_WARN_NON_LITERAL_NULL_CONVERSION = YES;
				CLANG_WARN_OBJC_LITERAL_CONVERSION = YES;
				CLANG_WARN_OBJC_ROOT_CLASS = YES_ERROR;
				CLANG_WARN_RANGE_LOOP_ANALYSIS = YES;
				CLANG_WARN_STRICT_PROTOTYPES = YES;
				CLANG_WARN_SUSPICIOUS_MOVE = YES;
				CLANG_WARN_UNGUARDED_AVAILABILITY = YES_AGGRESSIVE;
				CLANG_WARN_UNREACHABLE_CODE = YES;
				CLANG_WARN__DUPLICATE_METHOD_MATCH = YES;
				CODE_SIGN_IDENTITY = "iPhone Developer";
				COPY_PHASE_STRIP = NO;
				DEBUG_INFORMATION_FORMAT = dwarf;
				ENABLE_STRICT_OBJC_MSGSEND = YES;
				ENABLE_TESTABILITY = YES;
				GCC_C_LANGUAGE_STANDARD = gnu11;
				GCC_DYNAMIC_NO_PIC = NO;
				GCC_NO_COMMON_BLOCKS = YES;
				GCC_OPTIMIZATION_LEVEL = 0;
				GCC_PREPROCESSOR_DEFINITIONS = (
					"DEBUG=1",
					"$(inherited)",
				);
				GCC_WARN_64_TO_32_BIT_CONVERSION = YES;
				GCC_WARN_ABOUT_RETURN_TYPE = YES_ERROR;
				GCC_WARN_UNDECLARED_SELECTOR = YES;
				GCC_WARN_UNINITIALIZED_AUTOS = YES_AGGRESSIVE;
				GCC_WARN_UNUSED_FUNCTION = YES;
				GCC_WARN_UNUSED_VARIABLE = YES;
				IPHONEOS_DEPLOYMENT_TARGET = 11.0;
				MTL_ENABLE_DEBUG_INFO = YES;
				ONLY_ACTIVE_ARCH = YES;
				SDKROOT = iphoneos;
				SWIFT_ACTIVE_COMPILATION_CONDITIONS = DEBUG;
				SWIFT_OPTIMIZATION_LEVEL = "-Onone";
			};
			name = Debug;
		};
		343956F11FA809DB00F3492B /* Release */ = {
			isa = XCBuildConfiguration;
			buildSettings = {
				ALWAYS_SEARCH_USER_PATHS = NO;
				CLANG_ANALYZER_NONNULL = YES;
				CLANG_ANALYZER_NUMBER_OBJECT_CONVERSION = YES_AGGRESSIVE;
				CLANG_CXX_LANGUAGE_STANDARD = "gnu++14";
				CLANG_CXX_LIBRARY = "libc++";
				CLANG_ENABLE_MODULES = YES;
				CLANG_ENABLE_OBJC_ARC = YES;
				CLANG_WARN_BLOCK_CAPTURE_AUTORELEASING = YES;
				CLANG_WARN_BOOL_CONVERSION = YES;
				CLANG_WARN_COMMA = YES;
				CLANG_WARN_CONSTANT_CONVERSION = YES;
				CLANG_WARN_DIRECT_OBJC_ISA_USAGE = YES_ERROR;
				CLANG_WARN_DOCUMENTATION_COMMENTS = YES;
				CLANG_WARN_EMPTY_BODY = YES;
				CLANG_WARN_ENUM_CONVERSION = YES;
				CLANG_WARN_INFINITE_RECURSION = YES;
				CLANG_WARN_INT_CONVERSION = YES;
				CLANG_WARN_NON_LITERAL_NULL_CONVERSION = YES;
				CLANG_WARN_OBJC_LITERAL_CONVERSION = YES;
				CLANG_WARN_OBJC_ROOT_CLASS = YES_ERROR;
				CLANG_WARN_RANGE_LOOP_ANALYSIS = YES;
				CLANG_WARN_STRICT_PROTOTYPES = YES;
				CLANG_WARN_SUSPICIOUS_MOVE = YES;
				CLANG_WARN_UNGUARDED_AVAILABILITY = YES_AGGRESSIVE;
				CLANG_WARN_UNREACHABLE_CODE = YES;
				CLANG_WARN__DUPLICATE_METHOD_MATCH = YES;
				CODE_SIGN_IDENTITY = "iPhone Developer";
				COPY_PHASE_STRIP = NO;
				DEBUG_INFORMATION_FORMAT = "dwarf-with-dsym";
				ENABLE_NS_ASSERTIONS = NO;
				ENABLE_STRICT_OBJC_MSGSEND = YES;
				GCC_C_LANGUAGE_STANDARD = gnu11;
				GCC_NO_COMMON_BLOCKS = YES;
				GCC_WARN_64_TO_32_BIT_CONVERSION = YES;
				GCC_WARN_ABOUT_RETURN_TYPE = YES_ERROR;
				GCC_WARN_UNDECLARED_SELECTOR = YES;
				GCC_WARN_UNINITIALIZED_AUTOS = YES_AGGRESSIVE;
				GCC_WARN_UNUSED_FUNCTION = YES;
				GCC_WARN_UNUSED_VARIABLE = YES;
				IPHONEOS_DEPLOYMENT_TARGET = 11.0;
				MTL_ENABLE_DEBUG_INFO = NO;
				SDKROOT = iphoneos;
				SWIFT_OPTIMIZATION_LEVEL = "-Owholemodule";
				VALIDATE_PRODUCT = YES;
			};
			name = Release;
		};
		343956F31FA809DB00F3492B /* Debug */ = {
			isa = XCBuildConfiguration;
			buildSettings = {
				ASSETCATALOG_COMPILER_APPICON_NAME = AppIcon;
				CODE_SIGN_STYLE = Automatic;
				INFOPLIST_FILE = BookFinder01/Info.plist;
				LD_RUNPATH_SEARCH_PATHS = "$(inherited) @executable_path/Frameworks";
				PRODUCT_BUNDLE_IDENTIFIER = "-.BookFinder01";
				PRODUCT_NAME = "$(TARGET_NAME)";
				SWIFT_VERSION = 4.0;
				TARGETED_DEVICE_FAMILY = "1,2";
			};
			name = Debug;
		};
		343956F41FA809DB00F3492B /* Release */ = {
			isa = XCBuildConfiguration;
			buildSettings = {
				ASSETCATALOG_COMPILER_APPICON_NAME = AppIcon;
				CODE_SIGN_STYLE = Automatic;
				INFOPLIST_FILE = BookFinder01/Info.plist;
				LD_RUNPATH_SEARCH_PATHS = "$(inherited) @executable_path/Frameworks";
				PRODUCT_BUNDLE_IDENTIFIER = "-.BookFinder01";
				PRODUCT_NAME = "$(TARGET_NAME)";
				SWIFT_VERSION = 4.0;
				TARGETED_DEVICE_FAMILY = "1,2";
			};
			name = Release;
		};
		343956F61FA809DB00F3492B /* Debug */ = {
			isa = XCBuildConfiguration;
			buildSettings = {
				ALWAYS_EMBED_SWIFT_STANDARD_LIBRARIES = YES;
				BUNDLE_LOADER = "$(TEST_HOST)";
				CODE_SIGN_STYLE = Automatic;
				INFOPLIST_FILE = BookFinder01Tests/Info.plist;
				LD_RUNPATH_SEARCH_PATHS = "$(inherited) @executable_path/Frameworks @loader_path/Frameworks";
				PRODUCT_BUNDLE_IDENTIFIER = "-.BookFinder01Tests";
				PRODUCT_NAME = "$(TARGET_NAME)";
				SWIFT_VERSION = 4.0;
				TARGETED_DEVICE_FAMILY = "1,2";
				TEST_HOST = "$(BUILT_PRODUCTS_DIR)/BookFinder01.app/BookFinder01";
			};
			name = Debug;
		};
		343956F71FA809DB00F3492B /* Release */ = {
			isa = XCBuildConfiguration;
			buildSettings = {
				ALWAYS_EMBED_SWIFT_STANDARD_LIBRARIES = YES;
				BUNDLE_LOADER = "$(TEST_HOST)";
				CODE_SIGN_STYLE = Automatic;
				INFOPLIST_FILE = BookFinder01Tests/Info.plist;
				LD_RUNPATH_SEARCH_PATHS = "$(inherited) @executable_path/Frameworks @loader_path/Frameworks";
				PRODUCT_BUNDLE_IDENTIFIER = "-.BookFinder01Tests";
				PRODUCT_NAME = "$(TARGET_NAME)";
				SWIFT_VERSION = 4.0;
				TARGETED_DEVICE_FAMILY = "1,2";
				TEST_HOST = "$(BUILT_PRODUCTS_DIR)/BookFinder01.app/BookFinder01";
			};
			name = Release;
		};
		343956F91FA809DB00F3492B /* Debug */ = {
			isa = XCBuildConfiguration;
			buildSettings = {
				ALWAYS_EMBED_SWIFT_STANDARD_LIBRARIES = YES;
				CODE_SIGN_STYLE = Automatic;
				INFOPLIST_FILE = BookFinder01UITests/Info.plist;
				LD_RUNPATH_SEARCH_PATHS = "$(inherited) @executable_path/Frameworks @loader_path/Frameworks";
				PRODUCT_BUNDLE_IDENTIFIER = "-.BookFinder01UITests";
				PRODUCT_NAME = "$(TARGET_NAME)";
				SWIFT_VERSION = 4.0;
				TARGETED_DEVICE_FAMILY = "1,2";
				TEST_TARGET_NAME = BookFinder01;
			};
			name = Debug;
		};
		343956FA1FA809DB00F3492B /* Release */ = {
			isa = XCBuildConfiguration;
			buildSettings = {
				ALWAYS_EMBED_SWIFT_STANDARD_LIBRARIES = YES;
				CODE_SIGN_STYLE = Automatic;
				INFOPLIST_FILE = BookFinder01UITests/Info.plist;
				LD_RUNPATH_SEARCH_PATHS = "$(inherited) @executable_path/Frameworks @loader_path/Frameworks";
				PRODUCT_BUNDLE_IDENTIFIER = "-.BookFinder01UITests";
				PRODUCT_NAME = "$(TARGET_NAME)";
				SWIFT_VERSION = 4.0;
				TARGETED_DEVICE_FAMILY = "1,2";
				TEST_TARGET_NAME = BookFinder01;
			};
			name = Release;
		};
/* End XCBuildConfiguration section */

/* Begin XCConfigurationList section */
		343956C51FA809DA00F3492B /* Build configuration list for PBXProject "BookFinder01" */ = {
			isa = XCConfigurationList;
			buildConfigurations = (
				343956F01FA809DB00F3492B /* Debug */,
				343956F11FA809DB00F3492B /* Release */,
			);
			defaultConfigurationIsVisible = 0;
			defaultConfigurationName = Release;
		};
		343956F21FA809DB00F3492B /* Build configuration list for PBXNativeTarget "BookFinder01" */ = {
			isa = XCConfigurationList;
			buildConfigurations = (
				343956F31FA809DB00F3492B /* Debug */,
				343956F41FA809DB00F3492B /* Release */,
			);
			defaultConfigurationIsVisible = 0;
			defaultConfigurationName = Release;
		};
		343956F51FA809DB00F3492B /* Build configuration list for PBXNativeTarget "BookFinder01Tests" */ = {
			isa = XCConfigurationList;
			buildConfigurations = (
				343956F61FA809DB00F3492B /* Debug */,
				343956F71FA809DB00F3492B /* Release */,
			);
			defaultConfigurationIsVisible = 0;
			defaultConfigurationName = Release;
		};
		343956F81FA809DB00F3492B /* Build configuration list for PBXNativeTarget "BookFinder01UITests" */ = {
			isa = XCConfigurationList;
			buildConfigurations = (
				343956F91FA809DB00F3492B /* Debug */,
				343956FA1FA809DB00F3492B /* Release */,
			);
			defaultConfigurationIsVisible = 0;
			defaultConfigurationName = Release;
		};
/* End XCConfigurationList section */
	};
	rootObject = 343956C21FA809DA00F3492B /* Project object */;
}
